{
  "name": "TodoApp",
  "version": "0.0.1",
  "lockfileVersion": 1,
  "requires": true,
  "dependencies": {
    "react-native-draggable-flatlist": {
      "version": "1.1.7",
      "resolved": "https://registry.npmjs.org/react-native-draggable-flatlist/-/react-native-draggable-flatlist-1.1.7.tgz",
      "integrity": "sha512-HBYYfbDbf7iRuEnSPUfh7iyGltwqLe3OokYI2d6aWY+OUEPEnd9bmTBu8LISQag+9W91/sqKsp8fRAZtnVIsNg=="
    }
  }
}
